{
  "name": "testtherme",
  "version": "0.0.0",
  "lockfileVersion": 2,
  "requires": true,
  "packages": {
    "": {
      "name": "testtherme",
      "version": "0.0.0",
      "license": "MIT",
      "dependencies": {
        "apm": "^1.0.2",
        "apt": "^0.0.2"
      },
      "engines": {
        "atom": ">=1.0.0 <2.0.0"
      }
    },
    "node_modules/apm": {
      "version": "1.0.2",
      "resolved": "https://registry.npmjs.org/apm/-/apm-1.0.2.tgz",
      "integrity": "sha512-BSO8bFxqKZX0/R9zmporh7ct/GFcd3yh/eJcphcPKB4P+ChhztzWxfVtV3Dm27Fu27a4K6IYqUYpKz6RlzfVKQ=="
    },
    "node_modules/apt": {
      "version": "0.0.2",
      "resolved": "https://registry.npmjs.org/apt/-/apt-0.0.2.tgz",
      "integrity": "sha512-RJjx3uUu4RP5oREO0Dpoy6H4Gp7gQbuE1C9av4GUclXrPCpfYy+iUt8ac2aI+hWWH5Y8JlsW2P8AlnDOCCi+SA==",
      "dependencies": {
        "underscore": "latest"
      },
      "engines": {
        "node": ">=0.8"
      }
    },
    "node_modules/underscore": {
      "version": "1.13.4",
      "resolved": "https://registry.npmjs.org/underscore/-/underscore-1.13.4.tgz",
      "integrity": "sha512-BQFnUDuAQ4Yf/cYY5LNrK9NCJFKriaRbD9uR1fTeXnBeoa97W0i41qkZfGO9pSo8I5KzjAcSY2XYtdf0oKd7KQ=="
    }
  },
  "dependencies": {
    "apm": {
      "version": "1.0.2",
      "resolved": "https://registry.npmjs.org/apm/-/apm-1.0.2.tgz",
      "integrity": "sha512-BSO8bFxqKZX0/R9zmporh7ct/GFcd3yh/eJcphcPKB4P+ChhztzWxfVtV3Dm27Fu27a4K6IYqUYpKz6RlzfVKQ=="
    },
    "apt": {
      "version": "0.0.2",
      "resolved": "https://registry.npmjs.org/apt/-/apt-0.0.2.tgz",
      "integrity": "sha512-RJjx3uUu4RP5oREO0Dpoy6H4Gp7gQbuE1C9av4GUclXrPCpfYy+iUt8ac2aI+hWWH5Y8JlsW2P8AlnDOCCi+SA==",
      "requires": {
        "underscore": "latest"
      }
    },
    "underscore": {
      "version": "1.13.4",
      "resolved": "https://registry.npmjs.org/underscore/-/underscore-1.13.4.tgz",
      "integrity": "sha512-BQFnUDuAQ4Yf/cYY5LNrK9NCJFKriaRbD9uR1fTeXnBeoa97W0i41qkZfGO9pSo8I5KzjAcSY2XYtdf0oKd7KQ=="
    }
  }
}
